
Microsoft Visual Studio Solution File, Format Version 12.00
# Visual Studio Version 17
VisualStudioVersion = 17.2.32519.379
MinimumVisualStudioVersion = 10.0.40219.1
Project("{FAE04EC0-301F-11D3-BF4B-00C04F79EFBC}") = "DockerApp3", "DockerApp3\DockerApp3.csproj", "{8F9CF54E-0737-4FBB-901D-1C9C1EC7CD50}"
EndProject
Global
	GlobalSection(SolutionConfigurationPlatforms) = preSolution
		Debug|Any CPU = Debug|Any CPU
		Release|Any CPU = Release|Any CPU
	EndGlobalSection
	GlobalSection(ProjectConfigurationPlatforms) = postSolution
		{8F9CF54E-0737-4FBB-901D-1C9C1EC7CD50}.Debug|Any CPU.ActiveCfg = Debug|Any CPU
		{8F9CF54E-0737-4FBB-901D-1C9C1EC7CD50}.Debug|Any CPU.Build.0 = Debug|Any CPU
		{8F9CF54E-0737-4FBB-901D-1C9C1EC7CD50}.Release|Any CPU.ActiveCfg = Release|Any CPU
		{8F9CF54E-0737-4FBB-901D-1C9C1EC7CD50}.Release|Any CPU.Build.0 = Release|Any CPU
	EndGlobalSection
	GlobalSection(SolutionProperties) = preSolution
		HideSolutionNode = FALSE
	EndGlobalSection
	GlobalSection(ExtensibilityGlobals) = postSolution
		SolutionGuid = {FB9ABA3E-64BB-4F6C-B9CC-1CEFC77A1DA9}
	EndGlobalSection
EndGlobal
